
Microsoft Visual Studio Solution File, Format Version 12.00
# Visual Studio Version 17
VisualStudioVersion = 17.0.32014.148
MinimumVisualStudioVersion = 10.0.40219.1
Project("{888888A0-9F3D-457C-B088-3A5042F75D52}") = "FaceAttend", "FaceAttend.pyproj", "{ED98E76E-8542-4F21-BC72-909E7E24CE08}"
EndProject
Global
	GlobalSection(SolutionConfigurationPlatforms) = preSolution
		Debug|Any CPU = Debug|Any CPU
		Release|Any CPU = Release|Any CPU
	EndGlobalSection
	GlobalSection(ProjectConfigurationPlatforms) = postSolution
		{ED98E76E-8542-4F21-BC72-909E7E24CE08}.Debug|Any CPU.ActiveCfg = Debug|Any CPU
		{ED98E76E-8542-4F21-BC72-909E7E24CE08}.Release|Any CPU.ActiveCfg = Release|Any CPU
	EndGlobalSection
	GlobalSection(SolutionProperties) = preSolution
		HideSolutionNode = FALSE
	EndGlobalSection
	GlobalSection(ExtensibilityGlobals) = postSolution
		SolutionGuid = {E3F7167D-78B3-40F9-8D62-9ACAD468093C}
	EndGlobalSection
EndGlobal
